
Microsoft Visual Studio Solution File, Format Version 12.00
# Visual Studio Version 17
VisualStudioVersion = 17.0.31912.275
MinimumVisualStudioVersion = 10.0.40219.1
Project("{FAE04EC0-301F-11D3-BF4B-00C04F79EFBC}") = "Упражнение 6.1", "Упражнение 6.1.csproj", "{7893D624-7744-42DC-9214-D3970E6182C0}"
EndProject
Project("{FAE04EC0-301F-11D3-BF4B-00C04F79EFBC}") = "Упражнение 6.2", "..\ConsoleApp1\Упражнение 6.2.csproj", "{A482E2A8-BAE4-4FF2-894D-8F04E38ED9E1}"
EndProject
Global
	GlobalSection(SolutionConfigurationPlatforms) = preSolution
		Debug|Any CPU = Debug|Any CPU
		Release|Any CPU = Release|Any CPU
	EndGlobalSection
	GlobalSection(ProjectConfigurationPlatforms) = postSolution
		{7893D624-7744-42DC-9214-D3970E6182C0}.Debug|Any CPU.ActiveCfg = Debug|Any CPU
		{7893D624-7744-42DC-9214-D3970E6182C0}.Debug|Any CPU.Build.0 = Debug|Any CPU
		{7893D624-7744-42DC-9214-D3970E6182C0}.Release|Any CPU.ActiveCfg = Release|Any CPU
		{7893D624-7744-42DC-9214-D3970E6182C0}.Release|Any CPU.Build.0 = Release|Any CPU
		{A482E2A8-BAE4-4FF2-894D-8F04E38ED9E1}.Debug|Any CPU.ActiveCfg = Debug|Any CPU
		{A482E2A8-BAE4-4FF2-894D-8F04E38ED9E1}.Debug|Any CPU.Build.0 = Debug|Any CPU
		{A482E2A8-BAE4-4FF2-894D-8F04E38ED9E1}.Release|Any CPU.ActiveCfg = Release|Any CPU
		{A482E2A8-BAE4-4FF2-894D-8F04E38ED9E1}.Release|Any CPU.Build.0 = Release|Any CPU
	EndGlobalSection
	GlobalSection(SolutionProperties) = preSolution
		HideSolutionNode = FALSE
	EndGlobalSection
	GlobalSection(ExtensibilityGlobals) = postSolution
		SolutionGuid = {E810D58C-9C5F-4775-B9DE-0FC2032441C5}
	EndGlobalSection
EndGlobal
